
Microsoft Visual Studio Solution File, Format Version 12.00
# Visual Studio 15
VisualStudioVersion = 15.0.28010.2048
MinimumVisualStudioVersion = 10.0.40219.1
Project("{8BC9CEB8-8B4A-11D0-8D11-00A0C91BC942}") = "hide", "hide\hide.vcxproj", "{5A0DA000-8E4E-4F5B-AB6C-9AD73A2F03EE}"
EndProject
Global
	GlobalSection(SolutionConfigurationPlatforms) = preSolution
		Debug|x64 = Debug|x64
		Debug|x86 = Debug|x86
		Release|x64 = Release|x64
		Release|x86 = Release|x86
	EndGlobalSection
	GlobalSection(ProjectConfigurationPlatforms) = postSolution
		{5A0DA000-8E4E-4F5B-AB6C-9AD73A2F03EE}.Debug|x64.ActiveCfg = Debug|x64
		{5A0DA000-8E4E-4F5B-AB6C-9AD73A2F03EE}.Debug|x64.Build.0 = Debug|x64
		{5A0DA000-8E4E-4F5B-AB6C-9AD73A2F03EE}.Debug|x86.ActiveCfg = Debug|Win32
		{5A0DA000-8E4E-4F5B-AB6C-9AD73A2F03EE}.Debug|x86.Build.0 = Debug|Win32
		{5A0DA000-8E4E-4F5B-AB6C-9AD73A2F03EE}.Release|x64.ActiveCfg = Release|x64
		{5A0DA000-8E4E-4F5B-AB6C-9AD73A2F03EE}.Release|x64.Build.0 = Release|x64
		{5A0DA000-8E4E-4F5B-AB6C-9AD73A2F03EE}.Release|x86.ActiveCfg = Release|Win32
		{5A0DA000-8E4E-4F5B-AB6C-9AD73A2F03EE}.Release|x86.Build.0 = Release|Win32
	EndGlobalSection
	GlobalSection(SolutionProperties) = preSolution
		HideSolutionNode = FALSE
	EndGlobalSection
	GlobalSection(ExtensibilityGlobals) = postSolution
		SolutionGuid = {6E822B63-8DFE-4FD7-B36F-428C2BF0BABC}
	EndGlobalSection
EndGlobal
